// !$*UTF8*$!
{
	archiveVersion = 1;
	classes = {
	};
	objectVersion = 48;
	objects = {

/* Begin PBXBuildFile section */
		6FEE565F2079750900EC082D /* UnixLayer.plugin in Resources */ = {isa = PBXBuildFile; fileRef = 6FEE565E2079750900EC082D /* UnixLayer.plugin */; };
		A80811F12044817700F72DCF /* UnixLayerInterface.swift in Sources */ = {isa = PBXBuildFile; fileRef = A80811F02044817700F72DCF /* UnixLayerInterface.swift */; };
		A80811F32044840300F72DCF /* UnixLayer.swift in Sources */ = {isa = PBXBuildFile; fileRef = A80811F22044840300F72DCF /* UnixLayer.swift */; };
		A80811F5204485C700F72DCF /* main.swift in Sources */ = {isa = PBXBuildFile; fileRef = A80811F4204485C700F72DCF /* main.swift */; };
		A808120C2044873900F72DCF /* copy.sh in Resources */ = {isa = PBXBuildFile; fileRef = A80812062044873900F72DCF /* copy.sh */; };
		A808120D2044873900F72DCF /* find.sh in Resources */ = {isa = PBXBuildFile; fileRef = A80812072044873900F72DCF /* find.sh */; };
		A808120E2044873900F72DCF /* line_number.sh in Resources */ = {isa = PBXBuildFile; fileRef = A80812082044873900F72DCF /* line_number.sh */; };
		A808120F2044873900F72DCF /* move.sh in Resources */ = {isa = PBXBuildFile; fileRef = A80812092044873900F72DCF /* move.sh */; };
		A80812102044873900F72DCF /* open.sh in Resources */ = {isa = PBXBuildFile; fileRef = A808120A2044873900F72DCF /* open.sh */; };
		A80812112044873900F72DCF /* organize.sh in Resources */ = {isa = PBXBuildFile; fileRef = A808120B2044873900F72DCF /* organize.sh */; };
		A80812132044877700F72DCF /* ScriptResourceManager.swift in Sources */ = {isa = PBXBuildFile; fileRef = A80812122044877700F72DCF /* ScriptResourceManager.swift */; };
		A808121620448BA900F72DCF /* UnixLayerManager.swift in Sources */ = {isa = PBXBuildFile; fileRef = A808121520448BA900F72DCF /* UnixLayerManager.swift */; };
		A87F55C52043D85800ECA9EA /* AppDelegate.swift in Sources */ = {isa = PBXBuildFile; fileRef = A87F55C42043D85800ECA9EA /* AppDelegate.swift */; };
		A87F55C72043D85800ECA9EA /* PrimaryViewController.swift in Sources */ = {isa = PBXBuildFile; fileRef = A87F55C62043D85800ECA9EA /* PrimaryViewController.swift */; };
		A87F55CA2043D85800ECA9EA /* NLU.xcdatamodeld in Sources */ = {isa = PBXBuildFile; fileRef = A87F55C82043D85800ECA9EA /* NLU.xcdatamodeld */; };
		A87F55CC2043D85800ECA9EA /* Assets.xcassets in Resources */ = {isa = PBXBuildFile; fileRef = A87F55CB2043D85800ECA9EA /* Assets.xcassets */; };
		A87F55CF2043D85800ECA9EA /* Main.storyboard in Resources */ = {isa = PBXBuildFile; fileRef = A87F55CD2043D85800ECA9EA /* Main.storyboard */; };
		A87F55DB2043D9DD00ECA9EA /* CoreDataStack.swift in Sources */ = {isa = PBXBuildFile; fileRef = A87F55DA2043D9DD00ECA9EA /* CoreDataStack.swift */; };
		A87F55DD2043DC0D00ECA9EA /* PrimaryWindowController.swift in Sources */ = {isa = PBXBuildFile; fileRef = A87F55DC2043DC0D00ECA9EA /* PrimaryWindowController.swift */; };
		A897149320814CD100D41100 /* LanguageLayer.swift in Sources */ = {isa = PBXBuildFile; fileRef = A897149220814CD100D41100 /* LanguageLayer.swift */; };
		A897149520814D0300D41100 /* LanguageLayerInterface.swift in Sources */ = {isa = PBXBuildFile; fileRef = A897149420814D0300D41100 /* LanguageLayerInterface.swift */; };
		A897149720815C6700D41100 /* CkyParser.plugin in Resources */ = {isa = PBXBuildFile; fileRef = A897149620815C6700D41100 /* CkyParser.plugin */; };
		A897149920815D9400D41100 /* LanguageLayerManager.swift in Sources */ = {isa = PBXBuildFile; fileRef = A897149820815D9400D41100 /* LanguageLayerManager.swift */; };
		A8C6B0042047671C0066261C /* Theme.swift in Sources */ = {isa = PBXBuildFile; fileRef = A8C6B0032047671C0066261C /* Theme.swift */; };
		A8F95A5920475B2B0026354E /* LineView.swift in Sources */ = {isa = PBXBuildFile; fileRef = A8F95A5820475B2B0026354E /* LineView.swift */; };
		A8F95A5C204760530026354E /* CButton.swift in Sources */ = {isa = PBXBuildFile; fileRef = A8F95A5B204760530026354E /* CButton.swift */; };
/* End PBXBuildFile section */

/* Begin PBXFileReference section */
		6FEE565E2079750900EC082D /* UnixLayer.plugin */ = {isa = PBXFileReference; lastKnownFileType = wrapper; name = UnixLayer.plugin; path = "../../Plugins/Unix Layer/dist/UnixLayer.plugin"; sourceTree = "<group>"; };
		A80811F02044817700F72DCF /* UnixLayerInterface.swift */ = {isa = PBXFileReference; lastKnownFileType = sourcecode.swift; path = UnixLayerInterface.swift; sourceTree = "<group>"; };
		A80811F22044840300F72DCF /* UnixLayer.swift */ = {isa = PBXFileReference; lastKnownFileType = sourcecode.swift; path = UnixLayer.swift; sourceTree = "<group>"; };
		A80811F4204485C700F72DCF /* main.swift */ = {isa = PBXFileReference; lastKnownFileType = sourcecode.swift; path = main.swift; sourceTree = "<group>"; };
		A80812062044873900F72DCF /* copy.sh */ = {isa = PBXFileReference; fileEncoding = 4; lastKnownFileType = text.script.sh; path = copy.sh; sourceTree = "<group>"; };
		A80812072044873900F72DCF /* find.sh */ = {isa = PBXFileReference; fileEncoding = 4; lastKnownFileType = text.script.sh; path = find.sh; sourceTree = "<group>"; };
		A80812082044873900F72DCF /* line_number.sh */ = {isa = PBXFileReference; fileEncoding = 4; lastKnownFileType = text.script.sh; path = line_number.sh; sourceTree = "<group>"; };
		A80812092044873900F72DCF /* move.sh */ = {isa = PBXFileReference; fileEncoding = 4; lastKnownFileType = text.script.sh; path = move.sh; sourceTree = "<group>"; };
		A808120A2044873900F72DCF /* open.sh */ = {isa = PBXFileReference; fileEncoding = 4; lastKnownFileType = text.script.sh; path = open.sh; sourceTree = "<group>"; };
		A808120B2044873900F72DCF /* organize.sh */ = {isa = PBXFileReference; fileEncoding = 4; lastKnownFileType = text.script.sh; path = organize.sh; sourceTree = "<group>"; };
		A80812122044877700F72DCF /* ScriptResourceManager.swift */ = {isa = PBXFileReference; lastKnownFileType = sourcecode.swift; path = ScriptResourceManager.swift; sourceTree = "<group>"; };
		A808121520448BA900F72DCF /* UnixLayerManager.swift */ = {isa = PBXFileReference; lastKnownFileType = sourcecode.swift; path = UnixLayerManager.swift; sourceTree = "<group>"; };
		A87F55C12043D85800ECA9EA /* NLU.app */ = {isa = PBXFileReference; explicitFileType = wrapper.application; includeInIndex = 0; path = NLU.app; sourceTree = BUILT_PRODUCTS_DIR; };
		A87F55C42043D85800ECA9EA /* AppDelegate.swift */ = {isa = PBXFileReference; lastKnownFileType = sourcecode.swift; path = AppDelegate.swift; sourceTree = "<group>"; };
		A87F55C62043D85800ECA9EA /* PrimaryViewController.swift */ = {isa = PBXFileReference; lastKnownFileType = sourcecode.swift; path = PrimaryViewController.swift; sourceTree = "<group>"; };
		A87F55C92043D85800ECA9EA /* NLU.xcdatamodel */ = {isa = PBXFileReference; lastKnownFileType = wrapper.xcdatamodel; path = NLU.xcdatamodel; sourceTree = "<group>"; };
		A87F55CB2043D85800ECA9EA /* Assets.xcassets */ = {isa = PBXFileReference; lastKnownFileType = folder.assetcatalog; path = Assets.xcassets; sourceTree = "<group>"; };
		A87F55CE2043D85800ECA9EA /* Base */ = {isa = PBXFileReference; lastKnownFileType = file.storyboard; name = Base; path = Base.lproj/Main.storyboard; sourceTree = "<group>"; };
		A87F55D02043D85800ECA9EA /* Info.plist */ = {isa = PBXFileReference; lastKnownFileType = text.plist.xml; path = Info.plist; sourceTree = "<group>"; };
		A87F55D12043D85800ECA9EA /* NLU.entitlements */ = {isa = PBXFileReference; lastKnownFileType = text.plist.entitlements; path = NLU.entitlements; sourceTree = "<group>"; };
		A87F55DA2043D9DD00ECA9EA /* CoreDataStack.swift */ = {isa = PBXFileReference; lastKnownFileType = sourcecode.swift; path = CoreDataStack.swift; sourceTree = "<group>"; };
		A87F55DC2043DC0D00ECA9EA /* PrimaryWindowController.swift */ = {isa = PBXFileReference; lastKnownFileType = sourcecode.swift; path = PrimaryWindowController.swift; sourceTree = "<group>"; };
		A897149220814CD100D41100 /* LanguageLayer.swift */ = {isa = PBXFileReference; lastKnownFileType = sourcecode.swift; path = LanguageLayer.swift; sourceTree = "<group>"; };
		A897149420814D0300D41100 /* LanguageLayerInterface.swift */ = {isa = PBXFileReference; lastKnownFileType = sourcecode.swift; path = LanguageLayerInterface.swift; sourceTree = "<group>"; };
		A897149620815C6700D41100 /* CkyParser.plugin */ = {isa = PBXFileReference; lastKnownFileType = wrapper; name = CkyParser.plugin; path = "../../Plugins/Language Layer/dist/CkyParser.plugin"; sourceTree = "<group>"; };
		A897149820815D9400D41100 /* LanguageLayerManager.swift */ = {isa = PBXFileReference; lastKnownFileType = sourcecode.swift; path = LanguageLayerManager.swift; sourceTree = "<group>"; };
		A8C6B0032047671C0066261C /* Theme.swift */ = {isa = PBXFileReference; lastKnownFileType = sourcecode.swift; path = Theme.swift; sourceTree = "<group>"; };
		A8F95A5820475B2B0026354E /* LineView.swift */ = {isa = PBXFileReference; lastKnownFileType = sourcecode.swift; path = LineView.swift; sourceTree = "<group>"; };
		A8F95A5B204760530026354E /* CButton.swift */ = {isa = PBXFileReference; lastKnownFileType = sourcecode.swift; path = CButton.swift; sourceTree = "<group>"; };
/* End PBXFileReference section */

/* Begin PBXFrameworksBuildPhase section */
		A87F55BE2043D85800ECA9EA /* Frameworks */ = {
			isa = PBXFrameworksBuildPhase;
			buildActionMask = 2147483647;
			files = (
			);
			runOnlyForDeploymentPostprocessing = 0;
		};
/* End PBXFrameworksBuildPhase section */

/* Begin PBXGroup section */
		A80811EF2044816300F72DCF /* Unix Layer */ = {
			isa = PBXGroup;
			children = (
				6FEE565E2079750900EC082D /* UnixLayer.plugin */,
				A80812052044873900F72DCF /* Scripts */,
				A808121420448A3D00F72DCF /* Management */,
			);
			name = "Unix Layer";
			sourceTree = "<group>";
		};
		A80812052044873900F72DCF /* Scripts */ = {
			isa = PBXGroup;
			children = (
				A80812062044873900F72DCF /* copy.sh */,
				A80812072044873900F72DCF /* find.sh */,
				A80812082044873900F72DCF /* line_number.sh */,
				A80812092044873900F72DCF /* move.sh */,
				A808120A2044873900F72DCF /* open.sh */,
				A808120B2044873900F72DCF /* organize.sh */,
			);
			path = Scripts;
			sourceTree = "<group>";
		};
		A808121420448A3D00F72DCF /* Management */ = {
			isa = PBXGroup;
			children = (
				A80811F22044840300F72DCF /* UnixLayer.swift */,
				A808121520448BA900F72DCF /* UnixLayerManager.swift */,
				A80811F02044817700F72DCF /* UnixLayerInterface.swift */,
				A80812122044877700F72DCF /* ScriptResourceManager.swift */,
			);
			name = Management;
			sourceTree = "<group>";
		};
		A86D48562079781500540834 /* Language Layer */ = {
			isa = PBXGroup;
			children = (
				A897149620815C6700D41100 /* CkyParser.plugin */,
				A897149120814CA300D41100 /* Management */,
			);
			name = "Language Layer";
			sourceTree = "<group>";
		};
		A87F55B82043D85800ECA9EA = {
			isa = PBXGroup;
			children = (
				A87F55C32043D85800ECA9EA /* NLU */,
				A87F55C22043D85800ECA9EA /* Products */,
			);
			sourceTree = "<group>";
		};
		A87F55C22043D85800ECA9EA /* Products */ = {
			isa = PBXGroup;
			children = (
				A87F55C12043D85800ECA9EA /* NLU.app */,
			);
			name = Products;
			sourceTree = "<group>";
		};
		A87F55C32043D85800ECA9EA /* NLU */ = {
			isa = PBXGroup;
			children = (
				A86D48562079781500540834 /* Language Layer */,
				A80811EF2044816300F72DCF /* Unix Layer */,
				A87F55D82043D96C00ECA9EA /* User Interface */,
				A87F55D72043D88600ECA9EA /* Storyboard & Config */,
				A87F55D92043D9A000ECA9EA /* Data Model */,
			);
			path = NLU;
			sourceTree = "<group>";
		};
		A87F55D72043D88600ECA9EA /* Storyboard & Config */ = {
			isa = PBXGroup;
			children = (
				A80811F4204485C700F72DCF /* main.swift */,
				A87F55C42043D85800ECA9EA /* AppDelegate.swift */,
				A87F55CD2043D85800ECA9EA /* Main.storyboard */,
				A87F55D12043D85800ECA9EA /* NLU.entitlements */,
				A87F55D02043D85800ECA9EA /* Info.plist */,
				A87F55CB2043D85800ECA9EA /* Assets.xcassets */,
			);
			name = "Storyboard & Config";
			sourceTree = "<group>";
		};
		A87F55D82043D96C00ECA9EA /* User Interface */ = {
			isa = PBXGroup;
			children = (
				A8F95A54204758390026354E /* View Controllers */,
				A8F95A5A20475B370026354E /* Views */,
				A8C6B001204766EF0066261C /* Support */,
			);
			name = "User Interface";
			sourceTree = "<group>";
		};
		A87F55D92043D9A000ECA9EA /* Data Model */ = {
			isa = PBXGroup;
			children = (
				A87F55DA2043D9DD00ECA9EA /* CoreDataStack.swift */,
				A87F55C82043D85800ECA9EA /* NLU.xcdatamodeld */,
			);
			name = "Data Model";
			sourceTree = "<group>";
		};
		A897149120814CA300D41100 /* Management */ = {
			isa = PBXGroup;
			children = (
				A897149220814CD100D41100 /* LanguageLayer.swift */,
				A897149420814D0300D41100 /* LanguageLayerInterface.swift */,
				A897149820815D9400D41100 /* LanguageLayerManager.swift */,
			);
			name = Management;
			sourceTree = "<group>";
		};
		A8C6B001204766EF0066261C /* Support */ = {
			isa = PBXGroup;
			children = (
				A8C6B0032047671C0066261C /* Theme.swift */,
			);
			name = Support;
			sourceTree = "<group>";
		};
		A8F95A54204758390026354E /* View Controllers */ = {
			isa = PBXGroup;
			children = (
				A87F55DC2043DC0D00ECA9EA /* PrimaryWindowController.swift */,
				A87F55C62043D85800ECA9EA /* PrimaryViewController.swift */,
			);
			name = "View Controllers";
			sourceTree = "<group>";
		};
		A8F95A5A20475B370026354E /* Views */ = {
			isa = PBXGroup;
			children = (
				A8F95A5820475B2B0026354E /* LineView.swift */,
				A8F95A5B204760530026354E /* CButton.swift */,
			);
			name = Views;
			sourceTree = "<group>";
		};
/* End PBXGroup section */

/* Begin PBXNativeTarget section */
		A87F55C02043D85800ECA9EA /* NLU */ = {
			isa = PBXNativeTarget;
			buildConfigurationList = A87F55D42043D85800ECA9EA /* Build configuration list for PBXNativeTarget "NLU" */;
			buildPhases = (
				A87F55BD2043D85800ECA9EA /* Sources */,
				A87F55BE2043D85800ECA9EA /* Frameworks */,
				A87F55BF2043D85800ECA9EA /* Resources */,
			);
			buildRules = (
			);
			dependencies = (
			);
			name = NLU;
			productName = NLU;
			productReference = A87F55C12043D85800ECA9EA /* NLU.app */;
			productType = "com.apple.product-type.application";
		};
/* End PBXNativeTarget section */

/* Begin PBXProject section */
		A87F55B92043D85800ECA9EA /* Project object */ = {
			isa = PBXProject;
			attributes = {
				LastSwiftUpdateCheck = 0920;
				LastUpgradeCheck = 0930;
				ORGANIZATIONNAME = "Mayank Kumar";
				TargetAttributes = {
					A87F55C02043D85800ECA9EA = {
						CreatedOnToolsVersion = 9.2;
						ProvisioningStyle = Automatic;
					};
				};
			};
			buildConfigurationList = A87F55BC2043D85800ECA9EA /* Build configuration list for PBXProject "NLU" */;
			compatibilityVersion = "Xcode 8.0";
			developmentRegion = en;
			hasScannedForEncodings = 0;
			knownRegions = (
				en,
				Base,
			);
			mainGroup = A87F55B82043D85800ECA9EA;
			productRefGroup = A87F55C22043D85800ECA9EA /* Products */;
			projectDirPath = "";
			projectRoot = "";
			targets = (
				A87F55C02043D85800ECA9EA /* NLU */,
			);
		};
/* End PBXProject section */

/* Begin PBXResourcesBuildPhase section */
		A87F55BF2043D85800ECA9EA /* Resources */ = {
			isa = PBXResourcesBuildPhase;
			buildActionMask = 2147483647;
			files = (
				A808120C2044873900F72DCF /* copy.sh in Resources */,
				A808120D2044873900F72DCF /* find.sh in Resources */,
				A87F55CC2043D85800ECA9EA /* Assets.xcassets in Resources */,
				A80812112044873900F72DCF /* organize.sh in Resources */,
				6FEE565F2079750900EC082D /* UnixLayer.plugin in Resources */,
				A808120F2044873900F72DCF /* move.sh in Resources */,
				A87F55CF2043D85800ECA9EA /* Main.storyboard in Resources */,
				A808120E2044873900F72DCF /* line_number.sh in Resources */,
				A80812102044873900F72DCF /* open.sh in Resources */,
				A897149720815C6700D41100 /* CkyParser.plugin in Resources */,
			);
			runOnlyForDeploymentPostprocessing = 0;
		};
/* End PBXResourcesBuildPhase section */

/* Begin PBXSourcesBuildPhase section */
		A87F55BD2043D85800ECA9EA /* Sources */ = {
			isa = PBXSourcesBuildPhase;
			buildActionMask = 2147483647;
			files = (
				A80811F32044840300F72DCF /* UnixLayer.swift in Sources */,
				A897149920815D9400D41100 /* LanguageLayerManager.swift in Sources */,
				A897149320814CD100D41100 /* LanguageLayer.swift in Sources */,
				A87F55DD2043DC0D00ECA9EA /* PrimaryWindowController.swift in Sources */,
				A80811F5204485C700F72DCF /* main.swift in Sources */,
				A808121620448BA900F72DCF /* UnixLayerManager.swift in Sources */,
				A8C6B0042047671C0066261C /* Theme.swift in Sources */,
				A80811F12044817700F72DCF /* UnixLayerInterface.swift in Sources */,
				A87F55C72043D85800ECA9EA /* PrimaryViewController.swift in Sources */,
				A897149520814D0300D41100 /* LanguageLayerInterface.swift in Sources */,
				A80812132044877700F72DCF /* ScriptResourceManager.swift in Sources */,
				A8F95A5920475B2B0026354E /* LineView.swift in Sources */,
				A87F55C52043D85800ECA9EA /* AppDelegate.swift in Sources */,
				A87F55CA2043D85800ECA9EA /* NLU.xcdatamodeld in Sources */,
				A87F55DB2043D9DD00ECA9EA /* CoreDataStack.swift in Sources */,
				A8F95A5C204760530026354E /* CButton.swift in Sources */,
			);
			runOnlyForDeploymentPostprocessing = 0;
		};
/* End PBXSourcesBuildPhase section */

/* Begin PBXVariantGroup section */
		A87F55CD2043D85800ECA9EA /* Main.storyboard */ = {
			isa = PBXVariantGroup;
			children = (
				A87F55CE2043D85800ECA9EA /* Base */,
			);
			name = Main.storyboard;
			sourceTree = "<group>";
		};
/* End PBXVariantGroup section */

/* Begin XCBuildConfiguration section */
		A87F55D22043D85800ECA9EA /* Debug */ = {
			isa = XCBuildConfiguration;
			buildSettings = {
				ALWAYS_SEARCH_USER_PATHS = NO;
				CLANG_ANALYZER_NONNULL = YES;
				CLANG_ANALYZER_NUMBER_OBJECT_CONVERSION = YES_AGGRESSIVE;
				CLANG_CXX_LANGUAGE_STANDARD = "gnu++14";
				CLANG_CXX_LIBRARY = "libc++";
				CLANG_ENABLE_MODULES = YES;
				CLANG_ENABLE_OBJC_ARC = YES;
				CLANG_WARN_BLOCK_CAPTURE_AUTORELEASING = YES;
				CLANG_WARN_BOOL_CONVERSION = YES;
				CLANG_WARN_COMMA = YES;
				CLANG_WARN_CONSTANT_CONVERSION = YES;
				CLANG_WARN_DEPRECATED_OBJC_IMPLEMENTATIONS = YES;
				CLANG_WARN_DIRECT_OBJC_ISA_USAGE = YES_ERROR;
				CLANG_WARN_DOCUMENTATION_COMMENTS = YES;
				CLANG_WARN_EMPTY_BODY = YES;
				CLANG_WARN_ENUM_CONVERSION = YES;
				CLANG_WARN_INFINITE_RECURSION = YES;
				CLANG_WARN_INT_CONVERSION = YES;
				CLANG_WARN_NON_LITERAL_NULL_CONVERSION = YES;
				CLANG_WARN_OBJC_IMPLICIT_RETAIN_SELF = YES;
				CLANG_WARN_OBJC_LITERAL_CONVERSION = YES;
				CLANG_WARN_OBJC_ROOT_CLASS = YES_ERROR;
				CLANG_WARN_RANGE_LOOP_ANALYSIS = YES;
				CLANG_WARN_STRICT_PROTOTYPES = YES;
				CLANG_WARN_SUSPICIOUS_MOVE = YES;
				CLANG_WARN_UNGUARDED_AVAILABILITY = YES_AGGRESSIVE;
				CLANG_WARN_UNREACHABLE_CODE = YES;
				CLANG_WARN__DUPLICATE_METHOD_MATCH = YES;
				CODE_SIGN_IDENTITY = "Mac Developer";
				COPY_PHASE_STRIP = NO;
				DEBUG_INFORMATION_FORMAT = dwarf;
				ENABLE_STRICT_OBJC_MSGSEND = YES;
				ENABLE_TESTABILITY = YES;
				GCC_C_LANGUAGE_STANDARD = gnu11;
				GCC_DYNAMIC_NO_PIC = NO;
				GCC_NO_COMMON_BLOCKS = YES;
				GCC_OPTIMIZATION_LEVEL = 0;
				GCC_PREPROCESSOR_DEFINITIONS = (
					"DEBUG=1",
					"$(inherited)",
				);
				GCC_WARN_64_TO_32_BIT_CONVERSION = YES;
				GCC_WARN_ABOUT_RETURN_TYPE = YES_ERROR;
				GCC_WARN_UNDECLARED_SELECTOR = YES;
				GCC_WARN_UNINITIALIZED_AUTOS = YES_AGGRESSIVE;
				GCC_WARN_UNUSED_FUNCTION = YES;
				GCC_WARN_UNUSED_VARIABLE = YES;
				MACOSX_DEPLOYMENT_TARGET = 10.12;
				MTL_ENABLE_DEBUG_INFO = YES;
				ONLY_ACTIVE_ARCH = YES;
				SDKROOT = macosx;
				SWIFT_ACTIVE_COMPILATION_CONDITIONS = DEBUG;
				SWIFT_OPTIMIZATION_LEVEL = "-Onone";
			};
			name = Debug;
		};
		A87F55D32043D85800ECA9EA /* Release */ = {
			isa = XCBuildConfiguration;
			buildSettings = {
				ALWAYS_SEARCH_USER_PATHS = NO;
				CLANG_ANALYZER_NONNULL = YES;
				CLANG_ANALYZER_NUMBER_OBJECT_CONVERSION = YES_AGGRESSIVE;
				CLANG_CXX_LANGUAGE_STANDARD = "gnu++14";
				CLANG_CXX_LIBRARY = "libc++";
				CLANG_ENABLE_MODULES = YES;
				CLANG_ENABLE_OBJC_ARC = YES;
				CLANG_WARN_BLOCK_CAPTURE_AUTORELEASING = YES;
				CLANG_WARN_BOOL_CONVERSION = YES;
				CLANG_WARN_COMMA = YES;
				CLANG_WARN_CONSTANT_CONVERSION = YES;
				CLANG_WARN_DEPRECATED_OBJC_IMPLEMENTATIONS = YES;
				CLANG_WARN_DIRECT_OBJC_ISA_USAGE = YES_ERROR;
				CLANG_WARN_DOCUMENTATION_COMMENTS = YES;
				CLANG_WARN_EMPTY_BODY = YES;
				CLANG_WARN_ENUM_CONVERSION = YES;
				CLANG_WARN_INFINITE_RECURSION = YES;
				CLANG_WARN_INT_CONVERSION = YES;
				CLANG_WARN_NON_LITERAL_NULL_CONVERSION = YES;
				CLANG_WARN_OBJC_IMPLICIT_RETAIN_SELF = YES;
				CLANG_WARN_OBJC_LITERAL_CONVERSION = YES;
				CLANG_WARN_OBJC_ROOT_CLASS = YES_ERROR;
				CLANG_WARN_RANGE_LOOP_ANALYSIS = YES;
				CLANG_WARN_STRICT_PROTOTYPES = YES;
				CLANG_WARN_SUSPICIOUS_MOVE = YES;
				CLANG_WARN_UNGUARDED_AVAILABILITY = YES_AGGRESSIVE;
				CLANG_WARN_UNREACHABLE_CODE = YES;
				CLANG_WARN__DUPLICATE_METHOD_MATCH = YES;
				CODE_SIGN_IDENTITY = "Mac Developer";
				COPY_PHASE_STRIP = NO;
				DEBUG_INFORMATION_FORMAT = "dwarf-with-dsym";
				ENABLE_NS_ASSERTIONS = NO;
				ENABLE_STRICT_OBJC_MSGSEND = YES;
				GCC_C_LANGUAGE_STANDARD = gnu11;
				GCC_NO_COMMON_BLOCKS = YES;
				GCC_WARN_64_TO_32_BIT_CONVERSION = YES;
				GCC_WARN_ABOUT_RETURN_TYPE = YES_ERROR;
				GCC_WARN_UNDECLARED_SELECTOR = YES;
				GCC_WARN_UNINITIALIZED_AUTOS = YES_AGGRESSIVE;
				GCC_WARN_UNUSED_FUNCTION = YES;
				GCC_WARN_UNUSED_VARIABLE = YES;
				MACOSX_DEPLOYMENT_TARGET = 10.12;
				MTL_ENABLE_DEBUG_INFO = NO;
				SDKROOT = macosx;
				SWIFT_OPTIMIZATION_LEVEL = "-Owholemodule";
			};
			name = Release;
		};
		A87F55D52043D85800ECA9EA /* Debug */ = {
			isa = XCBuildConfiguration;
			buildSettings = {
				ASSETCATALOG_COMPILER_APPICON_NAME = AppIcon;
				CODE_SIGN_ENTITLEMENTS = NLU/NLU.entitlements;
				CODE_SIGN_IDENTITY = "Mac Developer";
				CODE_SIGN_STYLE = Automatic;
				COMBINE_HIDPI_IMAGES = YES;
				DEVELOPMENT_TEAM = YF7XP6ZYSQ;
				INFOPLIST_FILE = NLU/Info.plist;
				LD_RUNPATH_SEARCH_PATHS = "$(inherited) @executable_path/../Frameworks";
				PRODUCT_BUNDLE_IDENTIFIER = com.mayank.NLU;
				PRODUCT_NAME = "$(TARGET_NAME)";
				PROVISIONING_PROFILE_SPECIFIER = "";
				SWIFT_VERSION = 4.0;
			};
			name = Debug;
		};
		A87F55D62043D85800ECA9EA /* Release */ = {
			isa = XCBuildConfiguration;
			buildSettings = {
				ASSETCATALOG_COMPILER_APPICON_NAME = AppIcon;
				CODE_SIGN_ENTITLEMENTS = NLU/NLU.entitlements;
				CODE_SIGN_IDENTITY = "Mac Developer";
				CODE_SIGN_STYLE = Automatic;
				COMBINE_HIDPI_IMAGES = YES;
				DEVELOPMENT_TEAM = YF7XP6ZYSQ;
				INFOPLIST_FILE = NLU/Info.plist;
				LD_RUNPATH_SEARCH_PATHS = "$(inherited) @executable_path/../Frameworks";
				PRODUCT_BUNDLE_IDENTIFIER = com.mayank.NLU;
				PRODUCT_NAME = "$(TARGET_NAME)";
				PROVISIONING_PROFILE_SPECIFIER = "";
				SWIFT_VERSION = 4.0;
			};
			name = Release;
		};
/* End XCBuildConfiguration section */

/* Begin XCConfigurationList section */
		A87F55BC2043D85800ECA9EA /* Build configuration list for PBXProject "NLU" */ = {
			isa = XCConfigurationList;
			buildConfigurations = (
				A87F55D22043D85800ECA9EA /* Debug */,
				A87F55D32043D85800ECA9EA /* Release */,
			);
			defaultConfigurationIsVisible = 0;
			defaultConfigurationName = Release;
		};
		A87F55D42043D85800ECA9EA /* Build configuration list for PBXNativeTarget "NLU" */ = {
			isa = XCConfigurationList;
			buildConfigurations = (
				A87F55D52043D85800ECA9EA /* Debug */,
				A87F55D62043D85800ECA9EA /* Release */,
			);
			defaultConfigurationIsVisible = 0;
			defaultConfigurationName = Release;
		};
/* End XCConfigurationList section */

/* Begin XCVersionGroup section */
		A87F55C82043D85800ECA9EA /* NLU.xcdatamodeld */ = {
			isa = XCVersionGroup;
			children = (
				A87F55C92043D85800ECA9EA /* NLU.xcdatamodel */,
			);
			currentVersion = A87F55C92043D85800ECA9EA /* NLU.xcdatamodel */;
			path = NLU.xcdatamodeld;
			sourceTree = "<group>";
			versionGroupType = wrapper.xcdatamodel;
		};
/* End XCVersionGroup section */
	};
	rootObject = A87F55B92043D85800ECA9EA /* Project object */;
}
